# THIS IS AN AUTOGENERATED FILE. DO NOT EDIT THIS FILE DIRECTLY.
# yarn lockfile v1


"@iconify/icons-emojione@^1.2.3":
  version "1.2.3"
  resolved "https://registry.yarnpkg.com/@iconify/icons-emojione/-/icons-emojione-1.2.3.tgz#91546eb6b9c75a1efc4492e0674767600332e4bc"
  integrity sha512-6K2KlVjvDaC+UvP4dvwi4xRMvgJj7musHjOiJK51uiNVxZzFea42/iohSvmTpIWaDEQ21g/Gogw5FTwlvsxFlg==
  dependencies:
    "@iconify/types" "*"

"@iconify/react@^4.0.0":
  version "4.0.0"
  resolved "https://registry.yarnpkg.com/@iconify/react/-/react-4.0.0.tgz#0e2238fec072bfca0f2b9b6ff9e60c721c4abf32"
  integrity sha512-YE+z5PCegYyuJtLR6KBbJNlssmuVgRyFyRxcgxSPVkN3Gsm7npSzrUh+gWlBxrNb5g4Q6Nnb1gczPBNcwtUpng==
  dependencies:
    "@iconify/types" "^2.0.0"

"@iconify/types@*", "@iconify/types@^2.0.0":
  version "2.0.0"
  resolved "https://registry.yarnpkg.com/@iconify/types/-/types-2.0.0.tgz#ab0e9ea681d6c8a1214f30cd741fe3a20cc57f57"
  integrity sha512-+wluvCrRhXrhyOmRDJ3q8mux9JkKy5SJ/v8ol2tu4FVjyYvtEzkc/3pK15ET6RKg4b4w4BmTk1+gsCUhf21Ykg==
